#MicroXplorer Configuration settings - do not modify
ADC1.Channel-0\#ChannelRegularConversion=ADC_CHANNEL_4
ADC1.Channel-1\#ChannelRegularConversion=ADC_CHANNEL_TEMPSENSOR
ADC1.ContinuousConvMode=DISABLE
ADC1.DMAContinuousRequests=DISABLE
ADC1.EOCSelection=ADC_EOC_SEQ_CONV
ADC1.IPParameters=Rank-0\#ChannelRegularConversion,master,Channel-0\#ChannelRegularConversion,SamplingTime-0\#ChannelRegularConversion,NbrOfConversionFlag,Resolution,ContinuousConvMode,DMAContinuousRequests,EOCSelection,Rank-1\#ChannelRegularConversion,Channel-1\#ChannelRegularConversion,SamplingTime-1\#ChannelRegularConversion,NbrOfConversion
ADC1.NbrOfConversion=2
ADC1.NbrOfConversionFlag=1
ADC1.Rank-0\#ChannelRegularConversion=1
ADC1.Rank-1\#ChannelRegularConversion=2
ADC1.Resolution=ADC_RESOLUTION_8B
ADC1.SamplingTime-0\#ChannelRegularConversion=ADC_SAMPLETIME_3CYCLES
ADC1.SamplingTime-1\#ChannelRegularConversion=ADC_SAMPLETIME_3CYCLES
ADC1.master=1
CAD.formats=
CAD.pinconfig=
CAD.provider=
Dma.ADC1.0.Direction=DMA_PERIPH_TO_MEMORY
Dma.ADC1.0.FIFOMode=DMA_FIFOMODE_DISABLE
Dma.ADC1.0.Instance=DMA2_Stream0
Dma.ADC1.0.MemDataAlignment=DMA_MDATAALIGN_HALFWORD
Dma.ADC1.0.MemInc=DMA_MINC_ENABLE
Dma.ADC1.0.Mode=DMA_CIRCULAR
Dma.ADC1.0.PeriphDataAlignment=DMA_PDATAALIGN_HALFWORD
Dma.ADC1.0.PeriphInc=DMA_PINC_DISABLE
Dma.ADC1.0.Priority=DMA_PRIORITY_LOW
Dma.ADC1.0.RequestParameters=Instance,Direction,PeriphInc,MemInc,PeriphDataAlignment,MemDataAlignment,Mode,Priority,FIFOMode
Dma.FMPI2C1_TX.1.Direction=DMA_MEMORY_TO_PERIPH
Dma.FMPI2C1_TX.1.FIFOMode=DMA_FIFOMODE_DISABLE
Dma.FMPI2C1_TX.1.Instance=DMA1_Stream1
Dma.FMPI2C1_TX.1.MemDataAlignment=DMA_MDATAALIGN_BYTE
Dma.FMPI2C1_TX.1.MemInc=DMA_MINC_ENABLE
Dma.FMPI2C1_TX.1.Mode=DMA_NORMAL
Dma.FMPI2C1_TX.1.PeriphDataAlignment=DMA_PDATAALIGN_BYTE
Dma.FMPI2C1_TX.1.PeriphInc=DMA_PINC_DISABLE
Dma.FMPI2C1_TX.1.Priority=DMA_PRIORITY_LOW
Dma.FMPI2C1_TX.1.RequestParameters=Instance,Direction,PeriphInc,MemInc,PeriphDataAlignment,MemDataAlignment,Mode,Priority,FIFOMode
Dma.Request0=ADC1
Dma.Request1=FMPI2C1_TX
Dma.RequestsNb=2
FMPI2C1.FMPI2C_Speed_Mode=FMPI2C_Fast_Plus
FMPI2C1.IPParameters=Timing,FMPI2C_Speed_Mode
FMPI2C1.Timing=0x0020081F
File.Version=6
GPIO.groupedBy=Show All
I2S3.AudioFreq=I2S_AUDIOFREQ_48K
I2S3.DataFormat=I2S_DATAFORMAT_32B
I2S3.ErrorAudioFreq=1.72 %
I2S3.FullDuplexMode=I2S_FULLDUPLEXMODE_DISABLE
I2S3.IPParameters=Instance,VirtualMode,FullDuplexMode,RealAudioFreq,ErrorAudioFreq,Mode,DataFormat,AudioFreq
I2S3.Instance=SPI$Index
I2S3.Mode=I2S_MODE_MASTER_RX
I2S3.RealAudioFreq=48.828 KHz
I2S3.VirtualMode=I2S_MODE_MASTER
KeepUserPlacement=false
Mcu.CPN=STM32F412VET3
Mcu.Family=STM32F4
Mcu.IP0=ADC1
Mcu.IP1=DMA
Mcu.IP10=SYS
Mcu.IP11=TIM1
Mcu.IP12=TIM2
Mcu.IP13=TIM3
Mcu.IP14=TIM6
Mcu.IP15=USART1
Mcu.IP16=USART2
Mcu.IP17=USART3
Mcu.IP2=FMPI2C1
Mcu.IP3=I2C1
Mcu.IP4=I2S3
Mcu.IP5=NVIC
Mcu.IP6=RCC
Mcu.IP7=RTC
Mcu.IP8=SDIO
Mcu.IP9=SPI4
Mcu.IPNb=18
Mcu.Name=STM32F412V(E-G)Tx
Mcu.Package=LQFP100
Mcu.Pin0=PE6
Mcu.Pin1=PC14-OSC32_IN
Mcu.Pin10=PA1
Mcu.Pin11=PA2
Mcu.Pin12=PA3
Mcu.Pin13=PA4
Mcu.Pin14=PA5
Mcu.Pin15=PA6
Mcu.Pin16=PA7
Mcu.Pin17=PC4
Mcu.Pin18=PC5
Mcu.Pin19=PB0
Mcu.Pin2=PC15-OSC32_OUT
Mcu.Pin20=PB1
Mcu.Pin21=PE12
Mcu.Pin22=PE15
Mcu.Pin23=PB10
Mcu.Pin24=PB12
Mcu.Pin25=PB13
Mcu.Pin26=PB14
Mcu.Pin27=PB15
Mcu.Pin28=PD8
Mcu.Pin29=PD9
Mcu.Pin3=PH0 - OSC_IN
Mcu.Pin30=PD10
Mcu.Pin31=PD11
Mcu.Pin32=PD12
Mcu.Pin33=PD13
Mcu.Pin34=PD14
Mcu.Pin35=PD15
Mcu.Pin36=PC6
Mcu.Pin37=PC7
Mcu.Pin38=PC8
Mcu.Pin39=PC9
Mcu.Pin4=PH1 - OSC_OUT
Mcu.Pin40=PA8
Mcu.Pin41=PA9
Mcu.Pin42=PA10
Mcu.Pin43=PA13
Mcu.Pin44=PA14
Mcu.Pin45=PA15
Mcu.Pin46=PC10
Mcu.Pin47=PC11
Mcu.Pin48=PC12
Mcu.Pin49=PD0
Mcu.Pin5=PC0
Mcu.Pin50=PD1
Mcu.Pin51=PD2
Mcu.Pin52=PD3
Mcu.Pin53=PD5
Mcu.Pin54=PD6
Mcu.Pin55=PB3
Mcu.Pin56=PB4
Mcu.Pin57=PB6
Mcu.Pin58=PB7
Mcu.Pin59=PB9
Mcu.Pin6=PC1
Mcu.Pin60=VP_ADC1_TempSens_Input
Mcu.Pin61=VP_ADC1_Vref_Input
Mcu.Pin62=VP_RTC_VS_RTC_Activate
Mcu.Pin63=VP_RTC_VS_RTC_Calendar
Mcu.Pin64=VP_RTC_VS_RTC_Alarm_A_Intern
Mcu.Pin65=VP_SYS_VS_Systick
Mcu.Pin66=VP_TIM1_VS_ClockSourceINT
Mcu.Pin67=VP_TIM2_VS_ClockSourceINT
Mcu.Pin68=VP_TIM3_VS_ClockSourceINT
Mcu.Pin69=VP_TIM6_VS_ClockSourceINT
Mcu.Pin7=PC2
Mcu.Pin70=VP_TIM6_VS_OPM
Mcu.Pin8=PC3
Mcu.Pin9=PA0
Mcu.PinsNb=71
Mcu.ThirdPartyNb=0
Mcu.UserConstants=
Mcu.UserName=STM32F412VETx
MxCube.Version=6.8.1
MxDb.Version=DB.6.0.81
NVIC.BusFault_IRQn=true\:0\:0\:false\:false\:true\:false\:false\:false
NVIC.DMA1_Stream1_IRQn=true\:0\:0\:false\:false\:true\:false\:true\:true
NVIC.DMA2_Stream0_IRQn=true\:0\:0\:false\:false\:true\:false\:true\:true
NVIC.DebugMonitor_IRQn=true\:0\:0\:false\:false\:true\:false\:false\:false
NVIC.EXTI15_10_IRQn=true\:0\:0\:false\:false\:true\:true\:true\:true
NVIC.EXTI1_IRQn=true\:0\:0\:false\:false\:true\:true\:true\:true
NVIC.EXTI3_IRQn=true\:0\:0\:false\:false\:true\:true\:true\:true
NVIC.EXTI9_5_IRQn=true\:0\:0\:false\:false\:true\:true\:true\:true
NVIC.FMPI2C1_ER_IRQn=true\:0\:0\:false\:false\:true\:true\:true\:true
NVIC.FMPI2C1_EV_IRQn=true\:0\:0\:false\:false\:true\:true\:true\:true
NVIC.ForceEnableDMAVector=true
NVIC.HardFault_IRQn=true\:0\:0\:false\:false\:true\:false\:false\:false
NVIC.MemoryManagement_IRQn=true\:0\:0\:false\:false\:true\:false\:false\:false
NVIC.NonMaskableInt_IRQn=true\:0\:0\:false\:false\:true\:false\:false\:false
NVIC.PendSV_IRQn=true\:0\:0\:false\:false\:true\:false\:false\:false
NVIC.PriorityGroup=NVIC_PRIORITYGROUP_4
NVIC.RCC_IRQn=true\:0\:0\:false\:false\:true\:true\:false\:true
NVIC.RTC_Alarm_IRQn=true\:0\:0\:false\:false\:true\:true\:true\:true
NVIC.SDIO_IRQn=true\:0\:0\:false\:false\:true\:true\:true\:true
NVIC.SVCall_IRQn=true\:0\:0\:false\:false\:true\:false\:false\:false
NVIC.SysTick_IRQn=true\:15\:0\:false\:false\:true\:false\:true\:false
NVIC.TIM6_IRQn=true\:0\:0\:false\:false\:true\:true\:true\:true
NVIC.UsageFault_IRQn=true\:0\:0\:false\:false\:true\:false\:false\:false
PA0.GPIOParameters=GPIO_Label
PA0.GPIO_Label=HP-SEL-IND
PA0.Locked=true
PA0.Signal=S_TIM2_CH1_ETR
PA1.GPIOParameters=GPIO_Label
PA1.GPIO_Label=XLR-SEL-IND
PA1.Locked=true
PA1.Signal=S_TIM2_CH2
PA10.GPIOParameters=GPIO_Label
PA10.GPIO_Label=SCREEN_RX
PA10.Locked=true
PA10.Mode=Asynchronous
PA10.Signal=USART1_RX
PA13.Locked=true
PA13.Mode=Trace_Asynchronous_SW
PA13.Signal=SYS_JTMS-SWDIO
PA14.Locked=true
PA14.Mode=Trace_Asynchronous_SW
PA14.Signal=SYS_JTCK-SWCLK
PA15.Locked=true
PA15.Mode=Half_Duplex_Master
PA15.Signal=I2S3_WS
PA2.GPIOParameters=GPIO_Label
PA2.GPIO_Label=MIDI_OUT
PA2.Locked=true
PA2.Mode=Asynchronous
PA2.Signal=USART2_TX
PA3.GPIOParameters=GPIO_Label
PA3.GPIO_Label=MIDI_IN
PA3.Locked=true
PA3.Mode=Asynchronous
PA3.Signal=USART2_RX
PA4.GPIOParameters=GPIO_Label
PA4.GPIO_Label=STRIP1_MON
PA4.Signal=ADCx_IN4
PA5.GPIOParameters=GPIO_Label
PA5.GPIO_Label=STRIP5_MON
PA5.Signal=ADCx_IN5
PA6.GPIOParameters=GPIO_Label
PA6.GPIO_Label=STRIP2_MON
PA6.Signal=ADCx_IN6
PA7.GPIOParameters=GPIO_Label
PA7.GPIO_Label=STRIP6_MON
PA7.Signal=ADCx_IN7
PA8.GPIOParameters=GPIO_Label
PA8.GPIO_Label=AUDIO-SRC-IND
PA8.Locked=true
PA8.Signal=S_TIM1_CH1
PA9.GPIOParameters=GPIO_Label
PA9.GPIO_Label=SCREEN_TX
PA9.Locked=true
PA9.Mode=Asynchronous
PA9.Signal=USART1_TX
PB0.GPIOParameters=GPIO_Label
PB0.GPIO_Label=STRIP4_MON
PB0.Signal=ADCx_IN8
PB1.GPIOParameters=GPIO_Label
PB1.GPIO_Label=STRIP8_MON
PB1.Signal=ADCx_IN9
PB10.GPIOParameters=GPIO_Label
PB10.GPIO_Label=DMX_TX
PB10.Locked=true
PB10.Mode=Asynchronous
PB10.Signal=USART3_TX
PB12.GPIOParameters=GPIO_Label
PB12.GPIO_Label=ENC2_B
PB12.Signal=GPIO_Input
PB13.GPIOParameters=GPIO_Label,GPIO_ModeDefaultEXTI
PB13.GPIO_Label=ENC2_A
PB13.GPIO_ModeDefaultEXTI=GPIO_MODE_IT_RISING
PB13.Signal=GPXTI13
PB14.GPIOParameters=GPIO_Label
PB14.GPIO_Label=ENC1_A
PB14.Signal=GPXTI14
PB15.Locked=true
PB15.Mode=I2C
PB15.Signal=FMPI2C1_SCL
PB3.Locked=true
PB3.Mode=Trace_Asynchronous_SW
PB3.Signal=SYS_JTDO-SWO
PB4.Locked=true
PB4.Mode=SD_1_bit
PB4.Signal=SDIO_D0
PB6.Locked=true
PB6.Mode=I2C
PB6.Signal=I2C1_SCL
PB7.Locked=true
PB7.Mode=I2C
PB7.Signal=I2C1_SDA
PB9.GPIOParameters=GPIO_Label
PB9.GPIO_Label=DMX_EN
PB9.Locked=true
PB9.Signal=GPIO_Output
PC0.GPIOParameters=GPIO_Label
PC0.GPIO_Label=STRIP_ESHDN
PC0.Signal=GPIO_Output
PC1.GPIOParameters=GPIO_Label
PC1.GPIO_Label=VDD_PG
PC1.Signal=GPIO_Input
PC10.Locked=true
PC10.Mode=Half_Duplex_Master
PC10.Signal=I2S3_CK
PC11.GPIOParameters=GPIO_Label
PC11.GPIO_Label=DMX_RX
PC11.Locked=true
PC11.Mode=Asynchronous
PC11.Signal=USART3_RX
PC12.Locked=true
PC12.Mode=SD_1_bit
PC12.Signal=SDIO_CK
PC14-OSC32_IN.Locked=true
PC14-OSC32_IN.Mode=LSE-External-Oscillator
PC14-OSC32_IN.Signal=RCC_OSC32_IN
PC15-OSC32_OUT.Locked=true
PC15-OSC32_OUT.Mode=LSE-External-Oscillator
PC15-OSC32_OUT.Signal=RCC_OSC32_OUT
PC2.GPIOParameters=GPIO_Label
PC2.GPIO_Label=VDDA_PG
PC2.Signal=GPIO_Input
PC3.GPIOParameters=GPIO_Label
PC3.GPIO_Label=STRIP_PG
PC3.Signal=GPIO_Input
PC4.GPIOParameters=GPIO_Label
PC4.GPIO_Label=STRIP7_MON
PC4.Signal=ADCx_IN14
PC5.GPIOParameters=GPIO_Label
PC5.GPIO_Label=STRIP3_MON
PC5.Signal=ADCx_IN15
PC6.GPIOParameters=GPIO_Label
PC6.GPIO_Label=PWM_OE
PC6.Signal=S_TIM3_CH1
PC7.Locked=true
PC7.Mode=I2C
PC7.Signal=FMPI2C1_SDA
PC8.GPIOParameters=PinState,GPIO_Label
PC8.GPIO_Label=DIAG_DEBUG
PC8.Locked=true
PC8.PinState=GPIO_PIN_SET
PC8.Signal=GPIO_Output
PC9.GPIOParameters=GPIO_Label
PC9.GPIO_Label=DIAG_STATUS
PC9.Signal=S_TIM3_CH4
PD0.GPIOParameters=GPIO_Label
PD0.GPIO_Label=STRIP_PWR
PD0.Signal=GPIO_Output
PD1.GPIOParameters=GPIO_Label,GPIO_ModeDefaultEXTI
PD1.GPIO_Label=SDIO_CD
PD1.GPIO_ModeDefaultEXTI=GPIO_MODE_IT_RISING_FALLING
PD1.Locked=true
PD1.Signal=GPXTI1
PD10.GPIOParameters=GPIO_PuPd,GPIO_Label,GPIO_ModeDefaultEXTI
PD10.GPIO_Label=MENU_ACT
PD10.GPIO_ModeDefaultEXTI=GPIO_MODE_IT_FALLING
PD10.GPIO_PuPd=GPIO_PULLUP
PD10.Signal=GPXTI10
PD11.GPIOParameters=GPIO_PuPd,GPIO_Label,GPIO_ModeDefaultEXTI
PD11.GPIO_Label=MENU_BACK
PD11.GPIO_ModeDefaultEXTI=GPIO_MODE_IT_FALLING
PD11.GPIO_PuPd=GPIO_PULLUP
PD11.Signal=GPXTI11
PD12.GPIOParameters=GPIO_PuPd,GPIO_Label,GPIO_ModeDefaultEXTI
PD12.GPIO_Label=MENU_UP
PD12.GPIO_ModeDefaultEXTI=GPIO_MODE_IT_FALLING
PD12.GPIO_PuPd=GPIO_PULLUP
PD12.Signal=GPXTI12
PD13.GPIOParameters=GPIO_Speed,PinState,GPIO_Label
PD13.GPIO_Label=ENC1_B
PD13.GPIO_Speed=GPIO_SPEED_FREQ_HIGH
PD13.PinState=GPIO_PIN_RESET
PD13.Signal=GPIO_Output
PD14.GPIOParameters=GPIO_Label
PD14.GPIO_Label=GRAPH_LE
PD14.Locked=true
PD14.Signal=GPIO_Output
PD15.GPIOParameters=GPIO_Speed,GPIO_Label
PD15.GPIO_Label=GRAPH_OE
PD15.GPIO_Speed=GPIO_SPEED_FREQ_HIGH
PD15.Signal=GPIO_Output
PD2.Locked=true
PD2.Mode=SD_1_bit
PD2.Signal=SDIO_CMD
PD3.GPIOParameters=GPIO_PuPd,GPIO_Label,GPIO_ModeDefaultEXTI
PD3.GPIO_Label=MENU_DOWN
PD3.GPIO_ModeDefaultEXTI=GPIO_MODE_IT_FALLING
PD3.GPIO_PuPd=GPIO_PULLUP
PD3.Signal=GPXTI3
PD5.GPIOParameters=GPIO_PuPd,GPIO_Label,GPIO_ModeDefaultEXTI
PD5.GPIO_Label=ENC1_SW
PD5.GPIO_ModeDefaultEXTI=GPIO_MODE_IT_FALLING
PD5.GPIO_PuPd=GPIO_PULLUP
PD5.Signal=GPXTI5
PD6.Locked=true
PD6.Mode=Half_Duplex_Master
PD6.Signal=I2S3_SD
PD8.GPIOParameters=GPIO_PuPd,GPIO_Label,GPIO_ModeDefaultEXTI
PD8.GPIO_Label=ENC2_SW
PD8.GPIO_ModeDefaultEXTI=GPIO_MODE_IT_FALLING
PD8.GPIO_PuPd=GPIO_PULLUP
PD8.Signal=GPXTI8
PD9.GPIOParameters=GPIO_PuPd,GPIO_Label,GPIO_ModeDefaultEXTI
PD9.GPIO_Label=MENU_RIGHT
PD9.GPIO_ModeDefaultEXTI=GPIO_MODE_IT_FALLING
PD9.GPIO_PuPd=GPIO_PULLUP
PD9.Signal=GPXTI9
PE12.GPIOParameters=GPIO_Label
PE12.GPIO_Label=GRAPH_CLK
PE12.Locked=true
PE12.Mode=TX_Only_Simplex_Unidirect_Master
PE12.Signal=SPI4_SCK
PE15.GPIOParameters=GPIO_PuPd,GPIO_Label,GPIO_ModeDefaultEXTI
PE15.GPIO_Label=MENU_LEFT
PE15.GPIO_ModeDefaultEXTI=GPIO_MODE_IT_FALLING
PE15.GPIO_PuPd=GPIO_PULLUP
PE15.Locked=true
PE15.Signal=GPXTI15
PE6.GPIOParameters=GPIO_Label
PE6.GPIO_Label=GRAPH_SDI
PE6.Locked=true
PE6.Mode=TX_Only_Simplex_Unidirect_Master
PE6.Signal=SPI4_MOSI
PH0\ -\ OSC_IN.Locked=true
PH0\ -\ OSC_IN.Mode=HSE-External-Oscillator
PH0\ -\ OSC_IN.Signal=RCC_OSC_IN
PH1\ -\ OSC_OUT.Locked=true
PH1\ -\ OSC_OUT.Mode=HSE-External-Oscillator
PH1\ -\ OSC_OUT.Signal=RCC_OSC_OUT
PinOutPanel.RotationAngle=0
ProjectManager.AskForMigrate=true
ProjectManager.BackupPrevious=false
ProjectManager.CompilerOptimize=6
ProjectManager.ComputerToolchain=false
ProjectManager.CoupleFile=false
ProjectManager.CustomerFirmwarePackage=
ProjectManager.DefaultFWLocation=true
ProjectManager.DeletePrevious=true
ProjectManager.DeviceId=STM32F412VETx
ProjectManager.FirmwarePackage=STM32Cube FW_F4 V1.27.1
ProjectManager.FreePins=false
ProjectManager.HalAssertFull=false
ProjectManager.HeapSize=0x200
ProjectManager.KeepUserCode=true
ProjectManager.LastFirmware=true
ProjectManager.LibraryCopy=1
ProjectManager.MainLocation=Core/Src
ProjectManager.NoMain=false
ProjectManager.PreviousToolchain=
ProjectManager.ProjectBuild=false
ProjectManager.ProjectFileName=LightDrum.ioc
ProjectManager.ProjectName=LightDrum
ProjectManager.ProjectStructure=
ProjectManager.RegisterCallBack=ADC
ProjectManager.StackSize=0x400
ProjectManager.TargetToolchain=STM32CubeIDE
ProjectManager.ToolChainLocation=
ProjectManager.UnderRoot=true
ProjectManager.functionlistsort=1-SystemClock_Config-RCC-false-HAL-false,2-MX_GPIO_Init-GPIO-false-HAL-true,3-MX_DMA_Init-DMA-false-HAL-true,4-MX_ADC1_Init-ADC1-false-HAL-true,5-MX_TIM2_Init-TIM2-false-HAL-true,6-MX_I2C1_Init-I2C1-false-HAL-true,7-MX_TIM3_Init-TIM3-false-HAL-true,8-MX_USART1_UART_Init-USART1-false-HAL-true,9-MX_USART2_UART_Init-USART2-false-HAL-true,10-MX_TIM6_Init-TIM6-false-HAL-true,11-MX_RTC_Init-RTC-false-HAL-true,12-MX_SDIO_SD_Init-SDIO-false-HAL-true,13-MX_SPI4_Init-SPI4-false-HAL-true,14-MX_FMPI2C1_Init-FMPI2C1-false-HAL-true,15-MX_USART3_UART_Init-USART3-false-HAL-true,16-MX_TIM1_Init-TIM1-false-HAL-true,17-MX_I2S5_Init-I2S5-false-HAL-true
RCC.AHBFreq_Value=50000000
RCC.APB1Freq_Value=50000000
RCC.APB1TimFreq_Value=50000000
RCC.APB2Freq_Value=50000000
RCC.APB2TimFreq_Value=50000000
RCC.CortexFreq_Value=50000000
RCC.DFSDMAudioFreq_Value=50000000
RCC.DFSDMFreq_Value=50000000
RCC.FCLKCortexFreq_Value=50000000
RCC.FMPI2C1Freq_Value=50000000
RCC.FamilyName=M
RCC.HCLKFreq_Value=50000000
RCC.HSE_VALUE=16000000
RCC.I2S1Freq_Value=50000000
RCC.I2S2Freq_Value=50000000
RCC.IPParameters=AHBFreq_Value,APB1Freq_Value,APB1TimFreq_Value,APB2Freq_Value,APB2TimFreq_Value,CortexFreq_Value,DFSDMAudioFreq_Value,DFSDMFreq_Value,FCLKCortexFreq_Value,FMPI2C1Freq_Value,FamilyName,HCLKFreq_Value,HSE_VALUE,I2S1Freq_Value,I2S2Freq_Value,MCO2PinFreq_Value,PLLCLKFreq_Value,PLLI2SM,PLLI2SN,PLLI2SPCLKFreq_Value,PLLI2SQCLKFreq_Value,PLLI2SQoutputFreq_Value,PLLI2SRCLKFreq_Value,PLLI2SoutputFreq_Value,PLLM,PLLN,PLLQCLKFreq_Value,PLLQoutputFreq_Value,PLLRCLKFreq_Value,PLLRoutputFreq_Value,PLLSourceVirtual,RCC_RTC_Clock_SourceVirtual,RNGFreq_Value,RTCFreq_Value,SDIOFreq_Value,SYSCLKFreq_VALUE,SYSCLKSource,USBFreq_Value,VCOI2SInputFreq_Value,VCOI2SOutputFreq_Value,VCOInputFreq_Value,VCOOutputFreq_Value,VDD_VALUE
RCC.MCO2PinFreq_Value=50000000
RCC.PLLCLKFreq_Value=50000000
RCC.PLLI2SM=8
RCC.PLLI2SN=50
RCC.PLLI2SPCLKFreq_Value=50000000
RCC.PLLI2SQCLKFreq_Value=50000000
RCC.PLLI2SQoutputFreq_Value=50000000
RCC.PLLI2SRCLKFreq_Value=50000000
RCC.PLLI2SoutputFreq_Value=50000000
RCC.PLLM=8
RCC.PLLN=50
RCC.PLLQCLKFreq_Value=50000000
RCC.PLLQoutputFreq_Value=50000000
RCC.PLLRCLKFreq_Value=50000000
RCC.PLLRoutputFreq_Value=50000000
RCC.PLLSourceVirtual=RCC_PLLSOURCE_HSE
RCC.RCC_RTC_Clock_SourceVirtual=RCC_RTCCLKSOURCE_LSE
RCC.RNGFreq_Value=50000000
RCC.RTCFreq_Value=32768
RCC.SDIOFreq_Value=50000000
RCC.SYSCLKFreq_VALUE=50000000
RCC.SYSCLKSource=RCC_SYSCLKSOURCE_PLLCLK
RCC.USBFreq_Value=50000000
RCC.VCOI2SInputFreq_Value=2000000
RCC.VCOI2SOutputFreq_Value=100000000
RCC.VCOInputFreq_Value=2000000
RCC.VCOOutputFreq_Value=100000000
RCC.VDD_VALUE=3.2
RTC.Alarm=RTC_ALARM_A
RTC.HourFormat=RTC_HOURFORMAT_12
RTC.IPParameters=HourFormat,Alarm,Minutes_A
RTC.Minutes_A=1
SDIO.ClockPowerSave=SDIO_CLOCK_POWER_SAVE_DISABLE
SDIO.HardwareFlowControl=SDIO_HARDWARE_FLOW_CONTROL_ENABLE
SDIO.IPParameters=HardwareFlowControl,ClockPowerSave
SH.ADCx_IN14.0=ADC1_IN14,IN14
SH.ADCx_IN14.ConfNb=1
SH.ADCx_IN15.0=ADC1_IN15,IN15
SH.ADCx_IN15.ConfNb=1
SH.ADCx_IN4.0=ADC1_IN4,IN4
SH.ADCx_IN4.ConfNb=1
SH.ADCx_IN5.0=ADC1_IN5,IN5
SH.ADCx_IN5.ConfNb=1
SH.ADCx_IN6.0=ADC1_IN6,IN6
SH.ADCx_IN6.ConfNb=1
SH.ADCx_IN7.0=ADC1_IN7,IN7
SH.ADCx_IN7.ConfNb=1
SH.ADCx_IN8.0=ADC1_IN8,IN8
SH.ADCx_IN8.ConfNb=1
SH.ADCx_IN9.0=ADC1_IN9,IN9
SH.ADCx_IN9.ConfNb=1
SH.GPXTI1.0=GPIO_EXTI1
SH.GPXTI1.ConfNb=1
SH.GPXTI10.0=GPIO_EXTI10
SH.GPXTI10.ConfNb=1
SH.GPXTI11.0=GPIO_EXTI11
SH.GPXTI11.ConfNb=1
SH.GPXTI12.0=GPIO_EXTI12
SH.GPXTI12.ConfNb=1
SH.GPXTI13.0=GPIO_EXTI13
SH.GPXTI13.ConfNb=1
SH.GPXTI14.0=GPIO_EXTI14
SH.GPXTI14.ConfNb=1
SH.GPXTI15.0=GPIO_EXTI15
SH.GPXTI15.ConfNb=1
SH.GPXTI3.0=GPIO_EXTI3
SH.GPXTI3.ConfNb=1
SH.GPXTI5.0=GPIO_EXTI5
SH.GPXTI5.ConfNb=1
SH.GPXTI8.0=GPIO_EXTI8
SH.GPXTI8.ConfNb=1
SH.GPXTI9.0=GPIO_EXTI9
SH.GPXTI9.ConfNb=1
SH.S_TIM1_CH1.0=TIM1_CH1,PWM Generation1 CH1
SH.S_TIM1_CH1.ConfNb=1
SH.S_TIM2_CH1_ETR.0=TIM2_CH1,PWM Generation1 CH1
SH.S_TIM2_CH1_ETR.ConfNb=1
SH.S_TIM2_CH2.0=TIM2_CH2,PWM Generation2 CH2
SH.S_TIM2_CH2.ConfNb=1
SH.S_TIM3_CH1.0=TIM3_CH1,PWM Generation1 CH1
SH.S_TIM3_CH1.ConfNb=1
SH.S_TIM3_CH4.0=TIM3_CH4,PWM Generation4 CH4
SH.S_TIM3_CH4.ConfNb=1
SPI4.CalculateBaudRate=25.0 MBits/s
SPI4.Direction=SPI_DIRECTION_2LINES
SPI4.IPParameters=VirtualType,Mode,Direction,CalculateBaudRate
SPI4.Mode=SPI_MODE_MASTER
SPI4.VirtualType=VM_MASTER
TIM1.AutoReloadPreload=TIM_AUTORELOAD_PRELOAD_ENABLE
TIM1.Channel-PWM\ Generation1\ CH1=TIM_CHANNEL_1
TIM1.IPParameters=AutoReloadPreload,Channel-PWM Generation1 CH1
TIM2.AutoReloadPreload=TIM_AUTORELOAD_PRELOAD_ENABLE
TIM2.Channel-PWM\ Generation1\ CH1=TIM_CHANNEL_1
TIM2.Channel-PWM\ Generation2\ CH2=TIM_CHANNEL_2
TIM2.IPParameters=AutoReloadPreload,Period,Channel-PWM Generation1 CH1,Channel-PWM Generation2 CH2
TIM2.Period=65535
TIM3.AutoReloadPreload=TIM_AUTORELOAD_PRELOAD_ENABLE
TIM3.Channel-PWM\ Generation1\ CH1=TIM_CHANNEL_1
TIM3.Channel-PWM\ Generation4\ CH4=TIM_CHANNEL_4
TIM3.IPParameters=Channel-PWM Generation1 CH1,AutoReloadPreload,Channel-PWM Generation4 CH4
TIM6.IPParameters=TIM_MasterOutputTrigger,Period
TIM6.Period=255
TIM6.TIM_MasterOutputTrigger=TIM_TRGO_UPDATE
USART1.IPParameters=VirtualMode
USART1.VirtualMode=VM_ASYNC
USART2.IPParameters=VirtualMode
USART2.VirtualMode=VM_ASYNC
USART3.IPParameters=VirtualMode
USART3.VirtualMode=VM_ASYNC
VP_ADC1_TempSens_Input.Mode=IN-TempSens
VP_ADC1_TempSens_Input.Signal=ADC1_TempSens_Input
VP_ADC1_Vref_Input.Mode=IN-Vrefint
VP_ADC1_Vref_Input.Signal=ADC1_Vref_Input
VP_RTC_VS_RTC_Activate.Mode=RTC_Enabled
VP_RTC_VS_RTC_Activate.Signal=RTC_VS_RTC_Activate
VP_RTC_VS_RTC_Alarm_A_Intern.Mode=Alarm A
VP_RTC_VS_RTC_Alarm_A_Intern.Signal=RTC_VS_RTC_Alarm_A_Intern
VP_RTC_VS_RTC_Calendar.Mode=RTC_Calendar
VP_RTC_VS_RTC_Calendar.Signal=RTC_VS_RTC_Calendar
VP_SYS_VS_Systick.Mode=SysTick
VP_SYS_VS_Systick.Signal=SYS_VS_Systick
VP_TIM1_VS_ClockSourceINT.Mode=Internal
VP_TIM1_VS_ClockSourceINT.Signal=TIM1_VS_ClockSourceINT
VP_TIM2_VS_ClockSourceINT.Mode=Internal
VP_TIM2_VS_ClockSourceINT.Signal=TIM2_VS_ClockSourceINT
VP_TIM3_VS_ClockSourceINT.Mode=Internal
VP_TIM3_VS_ClockSourceINT.Signal=TIM3_VS_ClockSourceINT
VP_TIM6_VS_ClockSourceINT.Mode=Enable_Timer
VP_TIM6_VS_ClockSourceINT.Signal=TIM6_VS_ClockSourceINT
VP_TIM6_VS_OPM.Mode=OPM_bit
VP_TIM6_VS_OPM.Signal=TIM6_VS_OPM
board=custom
isbadioc=false
